{
  "requires": true,
  "lockfileVersion": 1,
  "dependencies": {
    "@types/file-saver": {
      "version": "2.0.0",
      "resolved": "https://registry.npmjs.org/@types/file-saver/-/file-saver-2.0.0.tgz",
      "integrity": "sha512-dxdRrUov2HVTbSRFX+7xwUPlbGYVEZK6PrSqClg2QPos3PNe0bCajkDDkDeeC1znjSH03KOEqVbXpnJuWa2wgQ==",
      "dev": true
    }
  }
}
